# This file is automatically @generated by Poetry 1.6.1 and should not be changed by hand.

[[package]]
name = "attrs"
version = "23.1.0"
description = "Classes Without Boilerplate"
optional = false
python-versions = ">=3.7"
files = [
    {file = "attrs-23.1.0-py3-none-any.whl", hash = "sha256:1f28b4522cdc2fb4256ac1a020c78acf9cba2c6b461ccd2c126f3aa8e8335d04"},
    {file = "attrs-23.1.0.tar.gz", hash = "sha256:6279836d581513a26f1bf235f9acd333bc9115683f14f7e8fae46c98fc50e015"},
]

[package.extras]
cov = ["attrs[tests]", "coverage[toml] (>=5.3)"]
dev = ["attrs[docs,tests]", "pre-commit"]
docs = ["furo", "myst-parser", "sphinx", "sphinx-notfound-page", "sphinxcontrib-towncrier", "towncrier", "zope-interface"]
tests = ["attrs[tests-no-zope]", "zope-interface"]
tests-no-zope = ["cloudpickle", "hypothesis", "mypy (>=1.1.1)", "pympler", "pytest (>=4.3.0)", "pytest-mypy-plugins", "pytest-xdist[psutil]"]

[[package]]
name = "certifi"
version = "2023.7.22"
description = "Python package for providing Mozilla's CA Bundle."
optional = false
python-versions = ">=3.6"
files = [
    {file = "certifi-2023.7.22-py3-none-any.whl", hash = "sha256:92d6037539857d8206b8f6ae472e8b77db8058fec5937a1ef3f54304089edbb9"},
    {file = "certifi-2023.7.22.tar.gz", hash = "sha256:539cc1d13202e33ca466e88b2807e29f4c13049d6d87031a3c110744495cb082"},
]

[[package]]
name = "charset-normalizer"
version = "3.3.2"
description = "The Real First Universal Charset Detector. Open, modern and actively maintained alternative to Chardet."
optional = false
python-versions = ">=3.7.0"
files = [
    {file = "charset-normalizer-3.3.2.tar.gz", hash = "sha256:f30c3cb33b24454a82faecaf01b19c18562b1e89558fb6c56de4d9118a032fd5"},
    {file = "charset_normalizer-3.3.2-cp310-cp310-macosx_10_9_universal2.whl", hash = "sha256:25baf083bf6f6b341f4121c2f3c548875ee6f5339300e08be3f2b2ba1721cdd3"},
    {file = "charset_normalizer-3.3.2-cp310-cp310-macosx_10_9_x86_64.whl", hash = "sha256:06435b539f889b1f6f4ac1758871aae42dc3a8c0e24ac9e60c2384973ad73027"},
    {file = "charset_normalizer-3.3.2-cp310-cp310-macosx_11_0_arm64.whl", hash = "sha256:9063e24fdb1e498ab71cb7419e24622516c4a04476b17a2dab57e8baa30d6e03"},
    {file = "charset_normalizer-3.3.2-cp310-cp310-manylinux_2_17_aarch64.manylinux2014_aarch64.whl", hash = "sha256:6897af51655e3691ff853668779c7bad41579facacf5fd7253b0133308cf000d"},
    {file = "charset_normalizer-3.3.2-cp310-cp310-manylinux_2_17_ppc64le.manylinux2014_ppc64le.whl", hash = "sha256:1d3193f4a680c64b4b6a9115943538edb896edc190f0b222e73761716519268e"},
    {file = "charset_normalizer-3.3.2-cp310-cp310-manylinux_2_17_s390x.manylinux2014_s390x.whl", hash = "sha256:cd70574b12bb8a4d2aaa0094515df2463cb429d8536cfb6c7ce983246983e5a6"},
    {file = "charset_normalizer-3.3.2-cp310-cp310-manylinux_2_17_x86_64.manylinux2014_x86_64.whl", hash = "sha256:8465322196c8b4d7ab6d1e049e4c5cb460d0394da4a27d23cc242fbf0034b6b5"},
    {file = "charset_normalizer-3.3.2-cp310-cp310-manylinux_2_5_i686.manylinux1_i686.manylinux_2_17_i686.manylinux2014_i686.whl", hash = "sha256:a9a8e9031d613fd2009c182b69c7b2c1ef8239a0efb1df3f7c8da66d5dd3d537"},
    {file = "charset_normalizer-3.3.2-cp310-cp310-musllinux_1_1_aarch64.whl", hash = "sha256:beb58fe5cdb101e3a055192ac291b7a21e3b7ef4f67fa1d74e331a7f2124341c"},
    {file = "charset_normalizer-3.3.2-cp310-cp310-musllinux_1_1_i686.whl", hash = "sha256:e06ed3eb3218bc64786f7db41917d4e686cc4856944f53d5bdf83a6884432e12"},
    {file = "charset_normalizer-3.3.2-cp310-cp310-musllinux_1_1_ppc64le.whl", hash = "sha256:2e81c7b9c8979ce92ed306c249d46894776a909505d8f5a4ba55b14206e3222f"},
    {file = "charset_normalizer-3.3.2-cp310-cp310-musllinux_1_1_s390x.whl", hash = "sha256:572c3763a264ba47b3cf708a44ce965d98555f618ca42c926a9c1616d8f34269"},
    {file = "charset_normalizer-3.3.2-cp310-cp310-musllinux_1_1_x86_64.whl", hash = "sha256:fd1abc0d89e30cc4e02e4064dc67fcc51bd941eb395c502aac3ec19fab46b519"},
    {file = "charset_normalizer-3.3.2-cp310-cp310-win32.whl", hash = "sha256:3d47fa203a7bd9c5b6cee4736ee84ca03b8ef23193c0d1ca99b5089f72645c73"},
    {file = "charset_normalizer-3.3.2-cp310-cp310-win_amd64.whl", hash = "sha256:10955842570876604d404661fbccbc9c7e684caf432c09c715ec38fbae45ae09"},
    {file = "charset_normalizer-3.3.2-cp311-cp311-macosx_10_9_universal2.whl", hash = "sha256:802fe99cca7457642125a8a88a084cef28ff0cf9407060f7b93dca5aa25480db"},
    {file = "charset_normalizer-3.3.2-cp311-cp311-macosx_10_9_x86_64.whl", hash = "sha256:573f6eac48f4769d667c4442081b1794f52919e7edada77495aaed9236d13a96"},
    {file = "charset_normalizer-3.3.2-cp311-cp311-macosx_11_0_arm64.whl", hash = "sha256:549a3a73da901d5bc3ce8d24e0600d1fa85524c10287f6004fbab87672bf3e1e"},
    {file = "charset_normalizer-3.3.2-cp311-cp311-manylinux_2_17_aarch64.manylinux2014_aarch64.whl", hash = "sha256:f27273b60488abe721a075bcca6d7f3964f9f6f067c8c4c605743023d7d3944f"},
    {file = "charset_normalizer-3.3.2-cp311-cp311-manylinux_2_17_ppc64le.manylinux2014_ppc64le.whl", hash = "sha256:1ceae2f17a9c33cb48e3263960dc5fc8005351ee19db217e9b1bb15d28c02574"},
    {file = "charset_normalizer-3.3.2-cp311-cp311-manylinux_2_17_s390x.manylinux2014_s390x.whl", hash = "sha256:65f6f63034100ead094b8744b3b97965785388f308a64cf8d7c34f2f2e5be0c4"},
    {file = "charset_normalizer-3.3.2-cp311-cp311-manylinux_2_17_x86_64.manylinux2014_x86_64.whl", hash = "sha256:753f10e867343b4511128c6ed8c82f7bec3bd026875576dfd88483c5c73b2fd8"},
    {file = "charset_normalizer-3.3.2-cp311-cp311-manylinux_2_5_i686.manylinux1_i686.manylinux_2_17_i686.manylinux2014_i686.whl", hash = "sha256:4a78b2b446bd7c934f5dcedc588903fb2f5eec172f3d29e52a9096a43722adfc"},
    {file = "charset_normalizer-3.3.2-cp311-cp311-musllinux_1_1_aarch64.whl", hash = "sha256:e537484df0d8f426ce2afb2d0f8e1c3d0b114b83f8850e5f2fbea0e797bd82ae"},
    {file = "charset_normalizer-3.3.2-cp311-cp311-musllinux_1_1_i686.whl", hash = "sha256:eb6904c354526e758fda7167b33005998fb68c46fbc10e013ca97f21ca5c8887"},
    {file = "charset_normalizer-3.3.2-cp311-cp311-musllinux_1_1_ppc64le.whl", hash = "sha256:deb6be0ac38ece9ba87dea880e438f25ca3eddfac8b002a2ec3d9183a454e8ae"},
    {file = "charset_normalizer-3.3.2-cp311-cp311-musllinux_1_1_s390x.whl", hash = "sha256:4ab2fe47fae9e0f9dee8c04187ce5d09f48eabe611be8259444906793ab7cbce"},
    {file = "charset_normalizer-3.3.2-cp311-cp311-musllinux_1_1_x86_64.whl", hash = "sha256:80402cd6ee291dcb72644d6eac93785fe2c8b9cb30893c1af5b8fdd753b9d40f"},
    {file = "charset_normalizer-3.3.2-cp311-cp311-win32.whl", hash = "sha256:7cd13a2e3ddeed6913a65e66e94b51d80a041145a026c27e6bb76c31a853c6ab"},
    {file = "charset_normalizer-3.3.2-cp311-cp311-win_amd64.whl", hash = "sha256:663946639d296df6a2bb2aa51b60a2454ca1cb29835324c640dafb5ff2131a77"},
    {file = "charset_normalizer-3.3.2-cp312-cp312-macosx_10_9_universal2.whl", hash = "sha256:0b2b64d2bb6d3fb9112bafa732def486049e63de9618b5843bcdd081d8144cd8"},
    {file = "charset_normalizer-3.3.2-cp312-cp312-macosx_10_9_x86_64.whl", hash = "sha256:ddbb2551d7e0102e7252db79ba445cdab71b26640817ab1e3e3648dad515003b"},
    {file = "charset_normalizer-3.3.2-cp312-cp312-macosx_11_0_arm64.whl", hash = "sha256:55086ee1064215781fff39a1af09518bc9255b50d6333f2e4c74ca09fac6a8f6"},
    {file = "charset_normalizer-3.3.2-cp312-cp312-manylinux_2_17_aarch64.manylinux2014_aarch64.whl", hash = "sha256:8f4a014bc36d3c57402e2977dada34f9c12300af536839dc38c0beab8878f38a"},
    {file = "charset_normalizer-3.3.2-cp312-cp312-manylinux_2_17_ppc64le.manylinux2014_ppc64le.whl", hash = "sha256:a10af20b82360ab00827f916a6058451b723b4e65030c5a18577c8b2de5b3389"},
    {file = "charset_normalizer-3.3.2-cp312-cp312-manylinux_2_17_s390x.manylinux2014_s390x.whl", hash = "sha256:8d756e44e94489e49571086ef83b2bb8ce311e730092d2c34ca8f7d925cb20aa"},
    {file = "charset_normalizer-3.3.2-cp312-cp312-manylinux_2_17_x86_64.manylinux2014_x86_64.whl", hash = "sha256:90d558489962fd4918143277a773316e56c72da56ec7aa3dc3dbbe20fdfed15b"},
    {file = "charset_normalizer-3.3.2-cp312-cp312-manylinux_2_5_i686.manylinux1_i686.manylinux_2_17_i686.manylinux2014_i686.whl", hash = "sha256:6ac7ffc7ad6d040517be39eb591cac5ff87416c2537df6ba3cba3bae290c0fed"},
    {file = "charset_normalizer-3.3.2-cp312-cp312-musllinux_1_1_aarch64.whl", hash = "sha256:7ed9e526742851e8d5cc9e6cf41427dfc6068d4f5a3bb03659444b4cabf6bc26"},
    {file = "charset_normalizer-3.3.2-cp312-cp312-musllinux_1_1_i686.whl", hash = "sha256:8bdb58ff7ba23002a4c5808d608e4e6c687175724f54a5dade5fa8c67b604e4d"},
    {file = "charset_normalizer-3.3.2-cp312-cp312-musllinux_1_1_ppc64le.whl", hash = "sha256:6b3251890fff30ee142c44144871185dbe13b11bab478a88887a639655be1068"},
    {file = "charset_normalizer-3.3.2-cp312-cp312-musllinux_1_1_s390x.whl", hash = "sha256:b4a23f61ce87adf89be746c8a8974fe1c823c891d8f86eb218bb957c924bb143"},
    {file = "charset_normalizer-3.3.2-cp312-cp312-musllinux_1_1_x86_64.whl", hash = "sha256:efcb3f6676480691518c177e3b465bcddf57cea040302f9f4e6e191af91174d4"},
    {file = "charset_normalizer-3.3.2-cp312-cp312-win32.whl", hash = "sha256:d965bba47ddeec8cd560687584e88cf699fd28f192ceb452d1d7ee807c5597b7"},
    {file = "charset_normalizer-3.3.2-cp312-cp312-win_amd64.whl", hash = "sha256:96b02a3dc4381e5494fad39be677abcb5e6634bf7b4fa83a6dd3112607547001"},
    {file = "charset_normalizer-3.3.2-cp37-cp37m-macosx_10_9_x86_64.whl", hash = "sha256:95f2a5796329323b8f0512e09dbb7a1860c46a39da62ecb2324f116fa8fdc85c"},
    {file = "charset_normalizer-3.3.2-cp37-cp37m-manylinux_2_17_aarch64.manylinux2014_aarch64.whl", hash = "sha256:c002b4ffc0be611f0d9da932eb0f704fe2602a9a949d1f738e4c34c75b0863d5"},
    {file = "charset_normalizer-3.3.2-cp37-cp37m-manylinux_2_17_ppc64le.manylinux2014_ppc64le.whl", hash = "sha256:a981a536974bbc7a512cf44ed14938cf01030a99e9b3a06dd59578882f06f985"},
    {file = "charset_normalizer-3.3.2-cp37-cp37m-manylinux_2_17_s390x.manylinux2014_s390x.whl", hash = "sha256:3287761bc4ee9e33561a7e058c72ac0938c4f57fe49a09eae428fd88aafe7bb6"},
    {file = "charset_normalizer-3.3.2-cp37-cp37m-manylinux_2_17_x86_64.manylinux2014_x86_64.whl", hash = "sha256:42cb296636fcc8b0644486d15c12376cb9fa75443e00fb25de0b8602e64c1714"},
    {file = "charset_normalizer-3.3.2-cp37-cp37m-manylinux_2_5_i686.manylinux1_i686.manylinux_2_17_i686.manylinux2014_i686.whl", hash = "sha256:0a55554a2fa0d408816b3b5cedf0045f4b8e1a6065aec45849de2d6f3f8e9786"},
    {file = "charset_normalizer-3.3.2-cp37-cp37m-musllinux_1_1_aarch64.whl", hash = "sha256:c083af607d2515612056a31f0a8d9e0fcb5876b7bfc0abad3ecd275bc4ebc2d5"},
    {file = "charset_normalizer-3.3.2-cp37-cp37m-musllinux_1_1_i686.whl", hash = "sha256:87d1351268731db79e0f8e745d92493ee2841c974128ef629dc518b937d9194c"},
    {file = "charset_normalizer-3.3.2-cp37-cp37m-musllinux_1_1_ppc64le.whl", hash = "sha256:bd8f7df7d12c2db9fab40bdd87a7c09b1530128315d047a086fa3ae3435cb3a8"},
    {file = "charset_normalizer-3.3.2-cp37-cp37m-musllinux_1_1_s390x.whl", hash = "sha256:c180f51afb394e165eafe4ac2936a14bee3eb10debc9d9e4db8958fe36afe711"},
    {file = "charset_normalizer-3.3.2-cp37-cp37m-musllinux_1_1_x86_64.whl", hash = "sha256:8c622a5fe39a48f78944a87d4fb8a53ee07344641b0562c540d840748571b811"},
    {file = "charset_normalizer-3.3.2-cp37-cp37m-win32.whl", hash = "sha256:db364eca23f876da6f9e16c9da0df51aa4f104a972735574842618b8c6d999d4"},
    {file = "charset_normalizer-3.3.2-cp37-cp37m-win_amd64.whl", hash = "sha256:86216b5cee4b06df986d214f664305142d9c76df9b6512be2738aa72a2048f99"},
    {file = "charset_normalizer-3.3.2-cp38-cp38-macosx_10_9_universal2.whl", hash = "sha256:6463effa3186ea09411d50efc7d85360b38d5f09b870c48e4600f63af490e56a"},
    {file = "charset_normalizer-3.3.2-cp38-cp38-macosx_10_9_x86_64.whl", hash = "sha256:6c4caeef8fa63d06bd437cd4bdcf3ffefe6738fb1b25951440d80dc7df8c03ac"},
    {file = "charset_normalizer-3.3.2-cp38-cp38-macosx_11_0_arm64.whl", hash = "sha256:37e55c8e51c236f95b033f6fb391d7d7970ba5fe7ff453dad675e88cf303377a"},
    {file = "charset_normalizer-3.3.2-cp38-cp38-manylinux_2_17_aarch64.manylinux2014_aarch64.whl", hash = "sha256:fb69256e180cb6c8a894fee62b3afebae785babc1ee98b81cdf68bbca1987f33"},
    {file = "charset_normalizer-3.3.2-cp38-cp38-manylinux_2_17_ppc64le.manylinux2014_ppc64le.whl", hash = "sha256:ae5f4161f18c61806f411a13b0310bea87f987c7d2ecdbdaad0e94eb2e404238"},
    {file = "charset_normalizer-3.3.2-cp38-cp38-manylinux_2_17_s390x.manylinux2014_s390x.whl", hash = "sha256:b2b0a0c0517616b6869869f8c581d4eb2dd83a4d79e0ebcb7d373ef9956aeb0a"},
    {file = "charset_normalizer-3.3.2-cp38-cp38-manylinux_2_17_x86_64.manylinux2014_x86_64.whl", hash = "sha256:45485e01ff4d3630ec0d9617310448a8702f70e9c01906b0d0118bdf9d124cf2"},
    {file = "charset_normalizer-3.3.2-cp38-cp38-manylinux_2_5_i686.manylinux1_i686.manylinux_2_17_i686.manylinux2014_i686.whl", hash = "sha256:eb00ed941194665c332bf8e078baf037d6c35d7c4f3102ea2d4f16ca94a26dc8"},
    {file = "charset_normalizer-3.3.2-cp38-cp38-musllinux_1_1_aarch64.whl", hash = "sha256:2127566c664442652f024c837091890cb1942c30937add288223dc895793f898"},
    {file = "charset_normalizer-3.3.2-cp38-cp38-musllinux_1_1_i686.whl", hash = "sha256:a50aebfa173e157099939b17f18600f72f84eed3049e743b68ad15bd69b6bf99"},
    {file = "charset_normalizer-3.3.2-cp38-cp38-musllinux_1_1_ppc64le.whl", hash = "sha256:4d0d1650369165a14e14e1e47b372cfcb31d6ab44e6e33cb2d4e57265290044d"},
    {file = "charset_normalizer-3.3.2-cp38-cp38-musllinux_1_1_s390x.whl", hash = "sha256:923c0c831b7cfcb071580d3f46c4baf50f174be571576556269530f4bbd79d04"},
    {file = "charset_normalizer-3.3.2-cp38-cp38-musllinux_1_1_x86_64.whl", hash = "sha256:06a81e93cd441c56a9b65d8e1d043daeb97a3d0856d177d5c90ba85acb3db087"},
    {file = "charset_normalizer-3.3.2-cp38-cp38-win32.whl", hash = "sha256:6ef1d82a3af9d3eecdba2321dc1b3c238245d890843e040e41e470ffa64c3e25"},
    {file = "charset_normalizer-3.3.2-cp38-cp38-win_amd64.whl", hash = "sha256:eb8821e09e916165e160797a6c17edda0679379a4be5c716c260e836e122f54b"},
    {file = "charset_normalizer-3.3.2-cp39-cp39-macosx_10_9_universal2.whl", hash = "sha256:c235ebd9baae02f1b77bcea61bce332cb4331dc3617d254df3323aa01ab47bd4"},
    {file = "charset_normalizer-3.3.2-cp39-cp39-macosx_10_9_x86_64.whl", hash = "sha256:5b4c145409bef602a690e7cfad0a15a55c13320ff7a3ad7ca59c13bb8ba4d45d"},
    {file = "charset_normalizer-3.3.2-cp39-cp39-macosx_11_0_arm64.whl", hash = "sha256:68d1f8a9e9e37c1223b656399be5d6b448dea850bed7d0f87a8311f1ff3dabb0"},
    {file = "charset_normalizer-3.3.2-cp39-cp39-manylinux_2_17_aarch64.manylinux2014_aarch64.whl", hash = "sha256:22afcb9f253dac0696b5a4be4a1c0f8762f8239e21b99680099abd9b2b1b2269"},
    {file = "charset_normalizer-3.3.2-cp39-cp39-manylinux_2_17_ppc64le.manylinux2014_ppc64le.whl", hash = "sha256:e27ad930a842b4c5eb8ac0016b0a54f5aebbe679340c26101df33424142c143c"},
    {file = "charset_normalizer-3.3.2-cp39-cp39-manylinux_2_17_s390x.manylinux2014_s390x.whl", hash = "sha256:1f79682fbe303db92bc2b1136016a38a42e835d932bab5b3b1bfcfbf0640e519"},
    {file = "charset_normalizer-3.3.2-cp39-cp39-manylinux_2_17_x86_64.manylinux2014_x86_64.whl", hash = "sha256:b261ccdec7821281dade748d088bb6e9b69e6d15b30652b74cbbac25e280b796"},
    {file = "charset_normalizer-3.3.2-cp39-cp39-manylinux_2_5_i686.manylinux1_i686.manylinux_2_17_i686.manylinux2014_i686.whl", hash = "sha256:122c7fa62b130ed55f8f285bfd56d5f4b4a5b503609d181f9ad85e55c89f4185"},
    {file = "charset_normalizer-3.3.2-cp39-cp39-musllinux_1_1_aarch64.whl", hash = "sha256:d0eccceffcb53201b5bfebb52600a5fb483a20b61da9dbc885f8b103cbe7598c"},
    {file = "charset_normalizer-3.3.2-cp39-cp39-musllinux_1_1_i686.whl", hash = "sha256:9f96df6923e21816da7e0ad3fd47dd8f94b2a5ce594e00677c0013018b813458"},
    {file = "charset_normalizer-3.3.2-cp39-cp39-musllinux_1_1_ppc64le.whl", hash = "sha256:7f04c839ed0b6b98b1a7501a002144b76c18fb1c1850c8b98d458ac269e26ed2"},
    {file = "charset_normalizer-3.3.2-cp39-cp39-musllinux_1_1_s390x.whl", hash = "sha256:34d1c8da1e78d2e001f363791c98a272bb734000fcef47a491c1e3b0505657a8"},
    {file = "charset_normalizer-3.3.2-cp39-cp39-musllinux_1_1_x86_64.whl", hash = "sha256:ff8fa367d09b717b2a17a052544193ad76cd49979c805768879cb63d9ca50561"},
    {file = "charset_normalizer-3.3.2-cp39-cp39-win32.whl", hash = "sha256:aed38f6e4fb3f5d6bf81bfa990a07806be9d83cf7bacef998ab1a9bd660a581f"},
    {file = "charset_normalizer-3.3.2-cp39-cp39-win_amd64.whl", hash = "sha256:b01b88d45a6fcb69667cd6d2f7a9aeb4bf53760d7fc536bf679ec94fe9f3ff3d"},
    {file = "charset_normalizer-3.3.2-py3-none-any.whl", hash = "sha256:3e4d1f6587322d2788836a99c69062fbb091331ec940e02d12d179c1d53e25fc"},
]

[[package]]
name = "dill"
version = "0.3.7"
description = "serialize all of Python"
optional = false
python-versions = ">=3.7"
files = [
    {file = "dill-0.3.7-py3-none-any.whl", hash = "sha256:76b122c08ef4ce2eedcd4d1abd8e641114bfc6c2867f49f3c41facf65bf19f5e"},
    {file = "dill-0.3.7.tar.gz", hash = "sha256:cc1c8b182eb3013e24bd475ff2e9295af86c1a38eb1aff128dac8962a9ce3c03"},
]

[package.extras]
graph = ["objgraph (>=1.7.2)"]

[[package]]
name = "docker"
version = "6.1.3"
description = "A Python library for the Docker Engine API."
optional = false
python-versions = ">=3.7"
files = [
    {file = "docker-6.1.3-py3-none-any.whl", hash = "sha256:aecd2277b8bf8e506e484f6ab7aec39abe0038e29fa4a6d3ba86c3fe01844ed9"},
    {file = "docker-6.1.3.tar.gz", hash = "sha256:aa6d17830045ba5ef0168d5eaa34d37beeb113948c413affe1d5991fc11f9a20"},
]

[package.dependencies]
packaging = ">=14.0"
pywin32 = {version = ">=304", markers = "sys_platform == \"win32\""}
requests = ">=2.26.0"
urllib3 = ">=1.26.0"
websocket-client = ">=0.32.0"

[package.extras]
ssh = ["paramiko (>=2.4.3)"]

[[package]]
name = "idna"
version = "3.4"
description = "Internationalized Domain Names in Applications (IDNA)"
optional = false
python-versions = ">=3.5"
files = [
    {file = "idna-3.4-py3-none-any.whl", hash = "sha256:90b77e79eaa3eba6de819a0c442c0b4ceefc341a7a2ab77d7562bf49f425c5c2"},
    {file = "idna-3.4.tar.gz", hash = "sha256:814f528e8dead7d329833b91c5faa87d60bf71824cd12a7530b5526063d02cb4"},
]

[[package]]
name = "jsonpickle"
version = "3.0.2"
description = "Python library for serializing any arbitrary object graph into JSON"
optional = false
python-versions = ">=3.7"
files = [
    {file = "jsonpickle-3.0.2-py3-none-any.whl", hash = "sha256:4a8442d97ca3f77978afa58068768dba7bff2dbabe79a9647bc3cdafd4ef019f"},
    {file = "jsonpickle-3.0.2.tar.gz", hash = "sha256:e37abba4bfb3ca4a4647d28bb9f4706436f7b46c8a8333b4a718abafa8e46b37"},
]

[package.extras]
docs = ["jaraco.packaging (>=3.2)", "rst.linker (>=1.9)", "sphinx"]
testing = ["ecdsa", "feedparser", "gmpy2", "numpy", "pandas", "pymongo", "pytest (>=3.5,!=3.7.3)", "pytest-black-multipy", "pytest-checkdocs (>=1.2.3)", "pytest-cov", "pytest-flake8 (>=1.1.1)", "scikit-learn", "sqlalchemy"]
testing-libs = ["simplejson", "ujson"]

[[package]]
name = "jsonschema"
version = "4.19.2"
description = "An implementation of JSON Schema validation for Python"
optional = false
python-versions = ">=3.8"
files = [
    {file = "jsonschema-4.19.2-py3-none-any.whl", hash = "sha256:eee9e502c788e89cb166d4d37f43084e3b64ab405c795c03d343a4dbc2c810fc"},
    {file = "jsonschema-4.19.2.tar.gz", hash = "sha256:c9ff4d7447eed9592c23a12ccee508baf0dd0d59650615e847feb6cdca74f392"},
]

[package.dependencies]
attrs = ">=22.2.0"
jsonschema-specifications = ">=2023.03.6"
referencing = ">=0.28.4"
rpds-py = ">=0.7.1"

[package.extras]
format = ["fqdn", "idna", "isoduration", "jsonpointer (>1.13)", "rfc3339-validator", "rfc3987", "uri-template", "webcolors (>=1.11)"]
format-nongpl = ["fqdn", "idna", "isoduration", "jsonpointer (>1.13)", "rfc3339-validator", "rfc3986-validator (>0.1.0)", "uri-template", "webcolors (>=1.11)"]

[[package]]
name = "jsonschema-specifications"
version = "2023.7.1"
description = "The JSON Schema meta-schemas and vocabularies, exposed as a Registry"
optional = false
python-versions = ">=3.8"
files = [
    {file = "jsonschema_specifications-2023.7.1-py3-none-any.whl", hash = "sha256:05adf340b659828a004220a9613be00fa3f223f2b82002e273dee62fd50524b1"},
    {file = "jsonschema_specifications-2023.7.1.tar.gz", hash = "sha256:c91a50404e88a1f6ba40636778e2ee08f6e24c5613fe4c53ac24578a5a7f72bb"},
]

[package.dependencies]
referencing = ">=0.28.0"

[[package]]
name = "markdown-it-py"
version = "3.0.0"
description = "Python port of markdown-it. Markdown parsing, done right!"
optional = false
python-versions = ">=3.8"
files = [
    {file = "markdown-it-py-3.0.0.tar.gz", hash = "sha256:e3f60a94fa066dc52ec76661e37c851cb232d92f9886b15cb560aaada2df8feb"},
    {file = "markdown_it_py-3.0.0-py3-none-any.whl", hash = "sha256:355216845c60bd96232cd8d8c40e8f9765cc86f46880e43a8fd22dc1a1a8cab1"},
]

[package.dependencies]
mdurl = ">=0.1,<1.0"

[package.extras]
benchmarking = ["psutil", "pytest", "pytest-benchmark"]
code-style = ["pre-commit (>=3.0,<4.0)"]
compare = ["commonmark (>=0.9,<1.0)", "markdown (>=3.4,<4.0)", "mistletoe (>=1.0,<2.0)", "mistune (>=2.0,<3.0)", "panflute (>=2.3,<3.0)"]
linkify = ["linkify-it-py (>=1,<3)"]
plugins = ["mdit-py-plugins"]
profiling = ["gprof2dot"]
rtd = ["jupyter_sphinx", "mdit-py-plugins", "myst-parser", "pyyaml", "sphinx", "sphinx-copybutton", "sphinx-design", "sphinx_book_theme"]
testing = ["coverage", "pytest", "pytest-cov", "pytest-regressions"]

[[package]]
name = "mdurl"
version = "0.1.2"
description = "Markdown URL utilities"
optional = false
python-versions = ">=3.7"
files = [
    {file = "mdurl-0.1.2-py3-none-any.whl", hash = "sha256:84008a41e51615a49fc9966191ff91509e3c40b939176e643fd50a5c2196b8f8"},
    {file = "mdurl-0.1.2.tar.gz", hash = "sha256:bb413d29f5eea38f31dd4754dd7377d4465116fb207585f97bf925588687c1ba"},
]

[[package]]
name = "packaging"
version = "23.2"
description = "Core utilities for Python packages"
optional = false
python-versions = ">=3.7"
files = [
    {file = "packaging-23.2-py3-none-any.whl", hash = "sha256:8c491190033a9af7e1d931d0b5dacc2ef47509b34dd0de67ed209b5203fc88c7"},
    {file = "packaging-23.2.tar.gz", hash = "sha256:048fb0e9405036518eaaf48a55953c750c11e1a1b68e0dd1a9d62ed0c092cfc5"},
]

[[package]]
name = "psutil"
version = "5.9.6"
description = "Cross-platform lib for process and system monitoring in Python."
optional = false
python-versions = ">=2.7, !=3.0.*, !=3.1.*, !=3.2.*, !=3.3.*, !=3.4.*, !=3.5.*"
files = [
    {file = "psutil-5.9.6-cp27-cp27m-macosx_10_9_x86_64.whl", hash = "sha256:fb8a697f11b0f5994550555fcfe3e69799e5b060c8ecf9e2f75c69302cc35c0d"},
    {file = "psutil-5.9.6-cp27-cp27m-manylinux2010_i686.whl", hash = "sha256:91ecd2d9c00db9817a4b4192107cf6954addb5d9d67a969a4f436dbc9200f88c"},
    {file = "psutil-5.9.6-cp27-cp27m-manylinux2010_x86_64.whl", hash = "sha256:10e8c17b4f898d64b121149afb136c53ea8b68c7531155147867b7b1ac9e7e28"},
    {file = "psutil-5.9.6-cp27-cp27mu-manylinux2010_i686.whl", hash = "sha256:18cd22c5db486f33998f37e2bb054cc62fd06646995285e02a51b1e08da97017"},
    {file = "psutil-5.9.6-cp27-cp27mu-manylinux2010_x86_64.whl", hash = "sha256:ca2780f5e038379e520281e4c032dddd086906ddff9ef0d1b9dcf00710e5071c"},
    {file = "psutil-5.9.6-cp27-none-win32.whl", hash = "sha256:70cb3beb98bc3fd5ac9ac617a327af7e7f826373ee64c80efd4eb2856e5051e9"},
    {file = "psutil-5.9.6-cp27-none-win_amd64.whl", hash = "sha256:51dc3d54607c73148f63732c727856f5febec1c7c336f8f41fcbd6315cce76ac"},
    {file = "psutil-5.9.6-cp36-abi3-macosx_10_9_x86_64.whl", hash = "sha256:c69596f9fc2f8acd574a12d5f8b7b1ba3765a641ea5d60fb4736bf3c08a8214a"},
    {file = "psutil-5.9.6-cp36-abi3-manylinux_2_12_i686.manylinux2010_i686.manylinux_2_17_i686.manylinux2014_i686.whl", hash = "sha256:92e0cc43c524834af53e9d3369245e6cc3b130e78e26100d1f63cdb0abeb3d3c"},
    {file = "psutil-5.9.6-cp36-abi3-manylinux_2_12_x86_64.manylinux2010_x86_64.manylinux_2_17_x86_64.manylinux2014_x86_64.whl", hash = "sha256:748c9dd2583ed86347ed65d0035f45fa8c851e8d90354c122ab72319b5f366f4"},
    {file = "psutil-5.9.6-cp36-cp36m-win32.whl", hash = "sha256:3ebf2158c16cc69db777e3c7decb3c0f43a7af94a60d72e87b2823aebac3d602"},
    {file = "psutil-5.9.6-cp36-cp36m-win_amd64.whl", hash = "sha256:ff18b8d1a784b810df0b0fff3bcb50ab941c3b8e2c8de5726f9c71c601c611aa"},
    {file = "psutil-5.9.6-cp37-abi3-win32.whl", hash = "sha256:a6f01f03bf1843280f4ad16f4bde26b817847b4c1a0db59bf6419807bc5ce05c"},
    {file = "psutil-5.9.6-cp37-abi3-win_amd64.whl", hash = "sha256:6e5fb8dc711a514da83098bc5234264e551ad980cec5f85dabf4d38ed6f15e9a"},
    {file = "psutil-5.9.6-cp38-abi3-macosx_11_0_arm64.whl", hash = "sha256:daecbcbd29b289aac14ece28eca6a3e60aa361754cf6da3dfb20d4d32b6c7f57"},
    {file = "psutil-5.9.6.tar.gz", hash = "sha256:e4b92ddcd7dd4cdd3f900180ea1e104932c7bce234fb88976e2a3b296441225a"},
]

[package.extras]
test = ["enum34", "ipaddress", "mock", "pywin32", "wmi"]

[[package]]
name = "pygments"
version = "2.16.1"
description = "Pygments is a syntax highlighting package written in Python."
optional = false
python-versions = ">=3.7"
files = [
    {file = "Pygments-2.16.1-py3-none-any.whl", hash = "sha256:13fc09fa63bc8d8671a6d247e1eb303c4b343eaee81d861f3404db2935653692"},
    {file = "Pygments-2.16.1.tar.gz", hash = "sha256:1daff0494820c69bc8941e407aa20f577374ee88364ee10a98fdbe0aece96e29"},
]

[package.extras]
plugins = ["importlib-metadata"]

[[package]]
name = "pywin32"
version = "306"
description = "Python for Window Extensions"
optional = false
python-versions = "*"
files = [
    {file = "pywin32-306-cp310-cp310-win32.whl", hash = "sha256:06d3420a5155ba65f0b72f2699b5bacf3109f36acbe8923765c22938a69dfc8d"},
    {file = "pywin32-306-cp310-cp310-win_amd64.whl", hash = "sha256:84f4471dbca1887ea3803d8848a1616429ac94a4a8d05f4bc9c5dcfd42ca99c8"},
    {file = "pywin32-306-cp311-cp311-win32.whl", hash = "sha256:e65028133d15b64d2ed8f06dd9fbc268352478d4f9289e69c190ecd6818b6407"},
    {file = "pywin32-306-cp311-cp311-win_amd64.whl", hash = "sha256:a7639f51c184c0272e93f244eb24dafca9b1855707d94c192d4a0b4c01e1100e"},
    {file = "pywin32-306-cp311-cp311-win_arm64.whl", hash = "sha256:70dba0c913d19f942a2db25217d9a1b726c278f483a919f1abfed79c9cf64d3a"},
    {file = "pywin32-306-cp312-cp312-win32.whl", hash = "sha256:383229d515657f4e3ed1343da8be101000562bf514591ff383ae940cad65458b"},
    {file = "pywin32-306-cp312-cp312-win_amd64.whl", hash = "sha256:37257794c1ad39ee9be652da0462dc2e394c8159dfd913a8a4e8eb6fd346da0e"},
    {file = "pywin32-306-cp312-cp312-win_arm64.whl", hash = "sha256:5821ec52f6d321aa59e2db7e0a35b997de60c201943557d108af9d4ae1ec7040"},
    {file = "pywin32-306-cp37-cp37m-win32.whl", hash = "sha256:1c73ea9a0d2283d889001998059f5eaaba3b6238f767c9cf2833b13e6a685f65"},
    {file = "pywin32-306-cp37-cp37m-win_amd64.whl", hash = "sha256:72c5f621542d7bdd4fdb716227be0dd3f8565c11b280be6315b06ace35487d36"},
    {file = "pywin32-306-cp38-cp38-win32.whl", hash = "sha256:e4c092e2589b5cf0d365849e73e02c391c1349958c5ac3e9d5ccb9a28e017b3a"},
    {file = "pywin32-306-cp38-cp38-win_amd64.whl", hash = "sha256:e8ac1ae3601bee6ca9f7cb4b5363bf1c0badb935ef243c4733ff9a393b1690c0"},
    {file = "pywin32-306-cp39-cp39-win32.whl", hash = "sha256:e25fd5b485b55ac9c057f67d94bc203f3f6595078d1fb3b458c9c28b7153a802"},
    {file = "pywin32-306-cp39-cp39-win_amd64.whl", hash = "sha256:39b61c15272833b5c329a2989999dcae836b1eed650252ab1b7bfbe1d59f30f4"},
]

[[package]]
name = "referencing"
version = "0.30.2"
description = "JSON Referencing + Python"
optional = false
python-versions = ">=3.8"
files = [
    {file = "referencing-0.30.2-py3-none-any.whl", hash = "sha256:449b6669b6121a9e96a7f9e410b245d471e8d48964c67113ce9afe50c8dd7bdf"},
    {file = "referencing-0.30.2.tar.gz", hash = "sha256:794ad8003c65938edcdbc027f1933215e0d0ccc0291e3ce20a4d87432b59efc0"},
]

[package.dependencies]
attrs = ">=22.2.0"
rpds-py = ">=0.7.0"

[[package]]
name = "requests"
version = "2.31.0"
description = "Python HTTP for Humans."
optional = false
python-versions = ">=3.7"
files = [
    {file = "requests-2.31.0-py3-none-any.whl", hash = "sha256:58cd2187c01e70e6e26505bca751777aa9f2ee0b7f4300988b709f44e013003f"},
    {file = "requests-2.31.0.tar.gz", hash = "sha256:942c5a758f98d790eaed1a29cb6eefc7ffb0d1cf7af05c3d2791656dbd6ad1e1"},
]

[package.dependencies]
certifi = ">=2017.4.17"
charset-normalizer = ">=2,<4"
idna = ">=2.5,<4"
urllib3 = ">=1.21.1,<3"

[package.extras]
socks = ["PySocks (>=1.5.6,!=1.5.7)"]
use-chardet-on-py3 = ["chardet (>=3.0.2,<6)"]

[[package]]
name = "rich"
version = "13.6.0"
description = "Render rich text, tables, progress bars, syntax highlighting, markdown and more to the terminal"
optional = false
python-versions = ">=3.7.0"
files = [
    {file = "rich-13.6.0-py3-none-any.whl", hash = "sha256:2b38e2fe9ca72c9a00170a1a2d20c63c790d0e10ef1fe35eba76e1e7b1d7d245"},
    {file = "rich-13.6.0.tar.gz", hash = "sha256:5c14d22737e6d5084ef4771b62d5d4363165b403455a30a1c8ca39dc7b644bef"},
]

[package.dependencies]
markdown-it-py = ">=2.2.0"
pygments = ">=2.13.0,<3.0.0"

[package.extras]
jupyter = ["ipywidgets (>=7.5.1,<9)"]

[[package]]
name = "rpds-py"
version = "0.12.0"
description = "Python bindings to Rust's persistent data structures (rpds)"
optional = false
python-versions = ">=3.8"
files = [
    {file = "rpds_py-0.12.0-cp310-cp310-macosx_10_7_x86_64.whl", hash = "sha256:c694bee70ece3b232df4678448fdda245fd3b1bb4ba481fb6cd20e13bb784c46"},
    {file = "rpds_py-0.12.0-cp310-cp310-macosx_11_0_arm64.whl", hash = "sha256:30e5ce9f501fb1f970e4a59098028cf20676dee64fc496d55c33e04bbbee097d"},
    {file = "rpds_py-0.12.0-cp310-cp310-manylinux_2_17_aarch64.manylinux2014_aarch64.whl", hash = "sha256:d72a4315514e5a0b9837a086cb433b004eea630afb0cc129de76d77654a9606f"},
    {file = "rpds_py-0.12.0-cp310-cp310-manylinux_2_17_armv7l.manylinux2014_armv7l.whl", hash = "sha256:eebaf8c76c39604d52852366249ab807fe6f7a3ffb0dd5484b9944917244cdbe"},
    {file = "rpds_py-0.12.0-cp310-cp310-manylinux_2_17_ppc64le.manylinux2014_ppc64le.whl", hash = "sha256:a239303acb0315091d54c7ff36712dba24554993b9a93941cf301391d8a997ee"},
    {file = "rpds_py-0.12.0-cp310-cp310-manylinux_2_17_s390x.manylinux2014_s390x.whl", hash = "sha256:ced40cdbb6dd47a032725a038896cceae9ce267d340f59508b23537f05455431"},
    {file = "rpds_py-0.12.0-cp310-cp310-manylinux_2_17_x86_64.manylinux2014_x86_64.whl", hash = "sha256:3c8c0226c71bd0ce9892eaf6afa77ae8f43a3d9313124a03df0b389c01f832de"},
    {file = "rpds_py-0.12.0-cp310-cp310-manylinux_2_5_i686.manylinux1_i686.whl", hash = "sha256:b8e11715178f3608874508f08e990d3771e0b8c66c73eb4e183038d600a9b274"},
    {file = "rpds_py-0.12.0-cp310-cp310-musllinux_1_2_aarch64.whl", hash = "sha256:5210a0018c7e09c75fa788648617ebba861ae242944111d3079034e14498223f"},
    {file = "rpds_py-0.12.0-cp310-cp310-musllinux_1_2_i686.whl", hash = "sha256:171d9a159f1b2f42a42a64a985e4ba46fc7268c78299272ceba970743a67ee50"},
    {file = "rpds_py-0.12.0-cp310-cp310-musllinux_1_2_x86_64.whl", hash = "sha256:57ec6baec231bb19bb5fd5fc7bae21231860a1605174b11585660236627e390e"},
    {file = "rpds_py-0.12.0-cp310-none-win32.whl", hash = "sha256:7188ddc1a8887194f984fa4110d5a3d5b9b5cd35f6bafdff1b649049cbc0ce29"},
    {file = "rpds_py-0.12.0-cp310-none-win_amd64.whl", hash = "sha256:1e04581c6117ad9479b6cfae313e212fe0dfa226ac727755f0d539cd54792963"},
    {file = "rpds_py-0.12.0-cp311-cp311-macosx_10_7_x86_64.whl", hash = "sha256:0a38612d07a36138507d69646c470aedbfe2b75b43a4643f7bd8e51e52779624"},
    {file = "rpds_py-0.12.0-cp311-cp311-macosx_11_0_arm64.whl", hash = "sha256:f12d69d568f5647ec503b64932874dade5a20255736c89936bf690951a5e79f5"},
    {file = "rpds_py-0.12.0-cp311-cp311-manylinux_2_17_aarch64.manylinux2014_aarch64.whl", hash = "sha256:4f8a1d990dc198a6c68ec3d9a637ba1ce489b38cbfb65440a27901afbc5df575"},
    {file = "rpds_py-0.12.0-cp311-cp311-manylinux_2_17_armv7l.manylinux2014_armv7l.whl", hash = "sha256:8c567c664fc2f44130a20edac73e0a867f8e012bf7370276f15c6adc3586c37c"},
    {file = "rpds_py-0.12.0-cp311-cp311-manylinux_2_17_ppc64le.manylinux2014_ppc64le.whl", hash = "sha256:0e9e976e0dbed4f51c56db10831c9623d0fd67aac02853fe5476262e5a22acb7"},
    {file = "rpds_py-0.12.0-cp311-cp311-manylinux_2_17_s390x.manylinux2014_s390x.whl", hash = "sha256:efddca2d02254a52078c35cadad34762adbae3ff01c6b0c7787b59d038b63e0d"},
    {file = "rpds_py-0.12.0-cp311-cp311-manylinux_2_17_x86_64.manylinux2014_x86_64.whl", hash = "sha256:d9e7f29c00577aff6b318681e730a519b235af292732a149337f6aaa4d1c5e31"},
    {file = "rpds_py-0.12.0-cp311-cp311-manylinux_2_5_i686.manylinux1_i686.whl", hash = "sha256:389c0e38358fdc4e38e9995e7291269a3aead7acfcf8942010ee7bc5baee091c"},
    {file = "rpds_py-0.12.0-cp311-cp311-musllinux_1_2_aarch64.whl", hash = "sha256:33ab498f9ac30598b6406e2be1b45fd231195b83d948ebd4bd77f337cb6a2bff"},
    {file = "rpds_py-0.12.0-cp311-cp311-musllinux_1_2_i686.whl", hash = "sha256:d56b1cd606ba4cedd64bb43479d56580e147c6ef3f5d1c5e64203a1adab784a2"},
    {file = "rpds_py-0.12.0-cp311-cp311-musllinux_1_2_x86_64.whl", hash = "sha256:1fa73ed22c40a1bec98d7c93b5659cd35abcfa5a0a95ce876b91adbda170537c"},
    {file = "rpds_py-0.12.0-cp311-none-win32.whl", hash = "sha256:dbc25baa6abb205766fb8606f8263b02c3503a55957fcb4576a6bb0a59d37d10"},
    {file = "rpds_py-0.12.0-cp311-none-win_amd64.whl", hash = "sha256:c6b52b7028b547866c2413f614ee306c2d4eafdd444b1ff656bf3295bf1484aa"},
    {file = "rpds_py-0.12.0-cp312-cp312-macosx_10_7_x86_64.whl", hash = "sha256:9620650c364c01ed5b497dcae7c3d4b948daeae6e1883ae185fef1c927b6b534"},
    {file = "rpds_py-0.12.0-cp312-cp312-macosx_11_0_arm64.whl", hash = "sha256:2124f9e645a94ab7c853bc0a3644e0ca8ffbe5bb2d72db49aef8f9ec1c285733"},
    {file = "rpds_py-0.12.0-cp312-cp312-manylinux_2_17_aarch64.manylinux2014_aarch64.whl", hash = "sha256:281c8b219d4f4b3581b918b816764098d04964915b2f272d1476654143801aa2"},
    {file = "rpds_py-0.12.0-cp312-cp312-manylinux_2_17_armv7l.manylinux2014_armv7l.whl", hash = "sha256:27ccc93c7457ef890b0dd31564d2a05e1aca330623c942b7e818e9e7c2669ee4"},
    {file = "rpds_py-0.12.0-cp312-cp312-manylinux_2_17_ppc64le.manylinux2014_ppc64le.whl", hash = "sha256:d1c562a9bb72244fa767d1c1ab55ca1d92dd5f7c4d77878fee5483a22ffac808"},
    {file = "rpds_py-0.12.0-cp312-cp312-manylinux_2_17_s390x.manylinux2014_s390x.whl", hash = "sha256:e57919c32ee295a2fca458bb73e4b20b05c115627f96f95a10f9f5acbd61172d"},
    {file = "rpds_py-0.12.0-cp312-cp312-manylinux_2_17_x86_64.manylinux2014_x86_64.whl", hash = "sha256:fa35ad36440aaf1ac8332b4a4a433d4acd28f1613f0d480995f5cfd3580e90b7"},
    {file = "rpds_py-0.12.0-cp312-cp312-manylinux_2_5_i686.manylinux1_i686.whl", hash = "sha256:e6aea5c0eb5b0faf52c7b5c4a47c8bb64437173be97227c819ffa31801fa4e34"},
    {file = "rpds_py-0.12.0-cp312-cp312-musllinux_1_2_aarch64.whl", hash = "sha256:81cf9d306c04df1b45971c13167dc3bad625808aa01281d55f3cf852dde0e206"},
    {file = "rpds_py-0.12.0-cp312-cp312-musllinux_1_2_i686.whl", hash = "sha256:08e6e7ff286254016b945e1ab632ee843e43d45e40683b66dd12b73791366dd1"},
    {file = "rpds_py-0.12.0-cp312-cp312-musllinux_1_2_x86_64.whl", hash = "sha256:4d0a675a7acbbc16179188d8c6d0afb8628604fc1241faf41007255957335a0b"},
    {file = "rpds_py-0.12.0-cp312-none-win32.whl", hash = "sha256:b2287c09482949e0ca0c0eb68b2aca6cf57f8af8c6dfd29dcd3bc45f17b57978"},
    {file = "rpds_py-0.12.0-cp312-none-win_amd64.whl", hash = "sha256:8015835494b21aa7abd3b43fdea0614ee35ef6b03db7ecba9beb58eadf01c24f"},
    {file = "rpds_py-0.12.0-cp38-cp38-macosx_10_7_x86_64.whl", hash = "sha256:6174d6ad6b58a6bcf67afbbf1723420a53d06c4b89f4c50763d6fa0a6ac9afd2"},
    {file = "rpds_py-0.12.0-cp38-cp38-macosx_11_0_arm64.whl", hash = "sha256:a689e1ded7137552bea36305a7a16ad2b40be511740b80748d3140614993db98"},
    {file = "rpds_py-0.12.0-cp38-cp38-manylinux_2_17_aarch64.manylinux2014_aarch64.whl", hash = "sha256:f45321224144c25a62052035ce96cbcf264667bcb0d81823b1bbc22c4addd194"},
    {file = "rpds_py-0.12.0-cp38-cp38-manylinux_2_17_armv7l.manylinux2014_armv7l.whl", hash = "sha256:aa32205358a76bf578854bf31698a86dc8b2cb591fd1d79a833283f4a403f04b"},
    {file = "rpds_py-0.12.0-cp38-cp38-manylinux_2_17_ppc64le.manylinux2014_ppc64le.whl", hash = "sha256:91bd2b7cf0f4d252eec8b7046fa6a43cee17e8acdfc00eaa8b3dbf2f9a59d061"},
    {file = "rpds_py-0.12.0-cp38-cp38-manylinux_2_17_s390x.manylinux2014_s390x.whl", hash = "sha256:3acadbab8b59f63b87b518e09c4c64b142e7286b9ca7a208107d6f9f4c393c5c"},
    {file = "rpds_py-0.12.0-cp38-cp38-manylinux_2_17_x86_64.manylinux2014_x86_64.whl", hash = "sha256:429349a510da82c85431f0f3e66212d83efe9fd2850f50f339341b6532c62fe4"},
    {file = "rpds_py-0.12.0-cp38-cp38-manylinux_2_5_i686.manylinux1_i686.whl", hash = "sha256:05942656cb2cb4989cd50ced52df16be94d344eae5097e8583966a1d27da73a5"},
    {file = "rpds_py-0.12.0-cp38-cp38-musllinux_1_2_aarch64.whl", hash = "sha256:0c5441b7626c29dbd54a3f6f3713ec8e956b009f419ffdaaa3c80eaf98ddb523"},
    {file = "rpds_py-0.12.0-cp38-cp38-musllinux_1_2_i686.whl", hash = "sha256:b6b0e17d39d21698185097652c611f9cf30f7c56ccec189789920e3e7f1cee56"},
    {file = "rpds_py-0.12.0-cp38-cp38-musllinux_1_2_x86_64.whl", hash = "sha256:3b7a64d43e2a1fa2dd46b678e00cabd9a49ebb123b339ce799204c44a593ae1c"},
    {file = "rpds_py-0.12.0-cp38-none-win32.whl", hash = "sha256:e5bbe011a2cea9060fef1bb3d668a2fd8432b8888e6d92e74c9c794d3c101595"},
    {file = "rpds_py-0.12.0-cp38-none-win_amd64.whl", hash = "sha256:bec29b801b4adbf388314c0d050e851d53762ab424af22657021ce4b6eb41543"},
    {file = "rpds_py-0.12.0-cp39-cp39-macosx_10_7_x86_64.whl", hash = "sha256:1096ca0bf2d3426cbe79d4ccc91dc5aaa73629b08ea2d8467375fad8447ce11a"},
    {file = "rpds_py-0.12.0-cp39-cp39-macosx_11_0_arm64.whl", hash = "sha256:48aa98987d54a46e13e6954880056c204700c65616af4395d1f0639eba11764b"},
    {file = "rpds_py-0.12.0-cp39-cp39-manylinux_2_17_aarch64.manylinux2014_aarch64.whl", hash = "sha256:7979d90ee2190d000129598c2b0c82f13053dba432b94e45e68253b09bb1f0f6"},
    {file = "rpds_py-0.12.0-cp39-cp39-manylinux_2_17_armv7l.manylinux2014_armv7l.whl", hash = "sha256:88857060b690a57d2ea8569bca58758143c8faa4639fb17d745ce60ff84c867e"},
    {file = "rpds_py-0.12.0-cp39-cp39-manylinux_2_17_ppc64le.manylinux2014_ppc64le.whl", hash = "sha256:4eb74d44776b0fb0782560ea84d986dffec8ddd94947f383eba2284b0f32e35e"},
    {file = "rpds_py-0.12.0-cp39-cp39-manylinux_2_17_s390x.manylinux2014_s390x.whl", hash = "sha256:f62581d7e884dd01ee1707b7c21148f61f2febb7de092ae2f108743fcbef5985"},
    {file = "rpds_py-0.12.0-cp39-cp39-manylinux_2_17_x86_64.manylinux2014_x86_64.whl", hash = "sha256:6f5dcb658d597410bb7c967c1d24eaf9377b0d621358cbe9d2ff804e5dd12e81"},
    {file = "rpds_py-0.12.0-cp39-cp39-manylinux_2_5_i686.manylinux1_i686.whl", hash = "sha256:9bf9acce44e967a5103fcd820fc7580c7b0ab8583eec4e2051aec560f7b31a63"},
    {file = "rpds_py-0.12.0-cp39-cp39-musllinux_1_2_aarch64.whl", hash = "sha256:240687b5be0f91fbde4936a329c9b7589d9259742766f74de575e1b2046575e4"},
    {file = "rpds_py-0.12.0-cp39-cp39-musllinux_1_2_i686.whl", hash = "sha256:25740fb56e8bd37692ed380e15ec734be44d7c71974d8993f452b4527814601e"},
    {file = "rpds_py-0.12.0-cp39-cp39-musllinux_1_2_x86_64.whl", hash = "sha256:a54917b7e9cd3a67e429a630e237a90b096e0ba18897bfb99ee8bd1068a5fea0"},
    {file = "rpds_py-0.12.0-cp39-none-win32.whl", hash = "sha256:b92aafcfab3d41580d54aca35a8057341f1cfc7c9af9e8bdfc652f83a20ced31"},
    {file = "rpds_py-0.12.0-cp39-none-win_amd64.whl", hash = "sha256:cd316dbcc74c76266ba94eb021b0cc090b97cca122f50bd7a845f587ff4bf03f"},
    {file = "rpds_py-0.12.0-pp310-pypy310_pp73-macosx_10_7_x86_64.whl", hash = "sha256:0853da3d5e9bc6a07b2486054a410b7b03f34046c123c6561b535bb48cc509e1"},
    {file = "rpds_py-0.12.0-pp310-pypy310_pp73-macosx_11_0_arm64.whl", hash = "sha256:cb41ad20064e18a900dd427d7cf41cfaec83bcd1184001f3d91a1f76b3fcea4e"},
    {file = "rpds_py-0.12.0-pp310-pypy310_pp73-manylinux_2_17_aarch64.manylinux2014_aarch64.whl", hash = "sha256:b710bf7e7ae61957d5c4026b486be593ed3ec3dca3e5be15e0f6d8cf5d0a4990"},
    {file = "rpds_py-0.12.0-pp310-pypy310_pp73-manylinux_2_17_armv7l.manylinux2014_armv7l.whl", hash = "sha256:a952ae3eb460c6712388ac2ec706d24b0e651b9396d90c9a9e0a69eb27737fdc"},
    {file = "rpds_py-0.12.0-pp310-pypy310_pp73-manylinux_2_17_ppc64le.manylinux2014_ppc64le.whl", hash = "sha256:0bedd91ae1dd142a4dc15970ed2c729ff6c73f33a40fa84ed0cdbf55de87c777"},
    {file = "rpds_py-0.12.0-pp310-pypy310_pp73-manylinux_2_17_s390x.manylinux2014_s390x.whl", hash = "sha256:761531076df51309075133a6bc1db02d98ec7f66e22b064b1d513bc909f29743"},
    {file = "rpds_py-0.12.0-pp310-pypy310_pp73-manylinux_2_17_x86_64.manylinux2014_x86_64.whl", hash = "sha256:a2baa6be130e8a00b6cbb9f18a33611ec150b4537f8563bddadb54c1b74b8193"},
    {file = "rpds_py-0.12.0-pp310-pypy310_pp73-manylinux_2_5_i686.manylinux1_i686.whl", hash = "sha256:f05450fa1cd7c525c0b9d1a7916e595d3041ac0afbed2ff6926e5afb6a781b7f"},
    {file = "rpds_py-0.12.0-pp310-pypy310_pp73-musllinux_1_2_aarch64.whl", hash = "sha256:81c4d1a3a564775c44732b94135d06e33417e829ff25226c164664f4a1046213"},
    {file = "rpds_py-0.12.0-pp310-pypy310_pp73-musllinux_1_2_i686.whl", hash = "sha256:e888be685fa42d8b8a3d3911d5604d14db87538aa7d0b29b1a7ea80d354c732d"},
    {file = "rpds_py-0.12.0-pp310-pypy310_pp73-musllinux_1_2_x86_64.whl", hash = "sha256:6f8d7fe73d1816eeb5378409adc658f9525ecbfaf9e1ede1e2d67a338b0c7348"},
    {file = "rpds_py-0.12.0-pp38-pypy38_pp73-macosx_10_7_x86_64.whl", hash = "sha256:0831d3ecdea22e4559cc1793f22e77067c9d8c451d55ae6a75bf1d116a8e7f42"},
    {file = "rpds_py-0.12.0-pp38-pypy38_pp73-macosx_11_0_arm64.whl", hash = "sha256:513ccbf7420c30e283c25c82d5a8f439d625a838d3ba69e79a110c260c46813f"},
    {file = "rpds_py-0.12.0-pp38-pypy38_pp73-manylinux_2_17_aarch64.manylinux2014_aarch64.whl", hash = "sha256:301bd744a1adaa2f6a5e06c98f1ac2b6f8dc31a5c23b838f862d65e32fca0d4b"},
    {file = "rpds_py-0.12.0-pp38-pypy38_pp73-manylinux_2_17_armv7l.manylinux2014_armv7l.whl", hash = "sha256:f8832a4f83d4782a8f5a7b831c47e8ffe164e43c2c148c8160ed9a6d630bc02a"},
    {file = "rpds_py-0.12.0-pp38-pypy38_pp73-manylinux_2_17_ppc64le.manylinux2014_ppc64le.whl", hash = "sha256:4b2416ed743ec5debcf61e1242e012652a4348de14ecc7df3512da072b074440"},
    {file = "rpds_py-0.12.0-pp38-pypy38_pp73-manylinux_2_17_s390x.manylinux2014_s390x.whl", hash = "sha256:35585a8cb5917161f42c2104567bb83a1d96194095fc54a543113ed5df9fa436"},
    {file = "rpds_py-0.12.0-pp38-pypy38_pp73-manylinux_2_17_x86_64.manylinux2014_x86_64.whl", hash = "sha256:d389ff1e95b6e46ebedccf7fd1fadd10559add595ac6a7c2ea730268325f832c"},
    {file = "rpds_py-0.12.0-pp38-pypy38_pp73-manylinux_2_5_i686.manylinux1_i686.whl", hash = "sha256:9b007c2444705a2dc4a525964fd4dd28c3320b19b3410da6517cab28716f27d3"},
    {file = "rpds_py-0.12.0-pp38-pypy38_pp73-musllinux_1_2_aarch64.whl", hash = "sha256:188912b22b6c8225f4c4ffa020a2baa6ad8fabb3c141a12dbe6edbb34e7f1425"},
    {file = "rpds_py-0.12.0-pp38-pypy38_pp73-musllinux_1_2_i686.whl", hash = "sha256:1b4cf9ab9a0ae0cb122685209806d3f1dcb63b9fccdf1424fb42a129dc8c2faa"},
    {file = "rpds_py-0.12.0-pp38-pypy38_pp73-musllinux_1_2_x86_64.whl", hash = "sha256:2d34a5450a402b00d20aeb7632489ffa2556ca7b26f4a63c35f6fccae1977427"},
    {file = "rpds_py-0.12.0-pp39-pypy39_pp73-macosx_10_7_x86_64.whl", hash = "sha256:466030a42724780794dea71eb32db83cc51214d66ab3fb3156edd88b9c8f0d78"},
    {file = "rpds_py-0.12.0-pp39-pypy39_pp73-macosx_11_0_arm64.whl", hash = "sha256:68172622a5a57deb079a2c78511c40f91193548e8ab342c31e8cb0764d362459"},
    {file = "rpds_py-0.12.0-pp39-pypy39_pp73-manylinux_2_17_aarch64.manylinux2014_aarch64.whl", hash = "sha256:54cdfcda59251b9c2f87a05d038c2ae02121219a04d4a1e6fc345794295bdc07"},
    {file = "rpds_py-0.12.0-pp39-pypy39_pp73-manylinux_2_17_armv7l.manylinux2014_armv7l.whl", hash = "sha256:6b75b912a0baa033350367a8a07a8b2d44fd5b90c890bfbd063a8a5f945f644b"},
    {file = "rpds_py-0.12.0-pp39-pypy39_pp73-manylinux_2_17_ppc64le.manylinux2014_ppc64le.whl", hash = "sha256:47aeceb4363851d17f63069318ba5721ae695d9da55d599b4d6fb31508595278"},
    {file = "rpds_py-0.12.0-pp39-pypy39_pp73-manylinux_2_17_s390x.manylinux2014_s390x.whl", hash = "sha256:0525847f83f506aa1e28eb2057b696fe38217e12931c8b1b02198cfe6975e142"},
    {file = "rpds_py-0.12.0-pp39-pypy39_pp73-manylinux_2_17_x86_64.manylinux2014_x86_64.whl", hash = "sha256:efbe0b5e0fd078ed7b005faa0170da4f72666360f66f0bb2d7f73526ecfd99f9"},
    {file = "rpds_py-0.12.0-pp39-pypy39_pp73-manylinux_2_5_i686.manylinux1_i686.whl", hash = "sha256:0fadfdda275c838cba5102c7f90a20f2abd7727bf8f4a2b654a5b617529c5c18"},
    {file = "rpds_py-0.12.0-pp39-pypy39_pp73-musllinux_1_2_aarch64.whl", hash = "sha256:56dd500411d03c5e9927a1eb55621e906837a83b02350a9dc401247d0353717c"},
    {file = "rpds_py-0.12.0-pp39-pypy39_pp73-musllinux_1_2_i686.whl", hash = "sha256:6915fc9fa6b3ec3569566832e1bb03bd801c12cea030200e68663b9a87974e76"},
    {file = "rpds_py-0.12.0-pp39-pypy39_pp73-musllinux_1_2_x86_64.whl", hash = "sha256:5f1519b080d8ce0a814f17ad9fb49fb3a1d4d7ce5891f5c85fc38631ca3a8dc4"},
    {file = "rpds_py-0.12.0.tar.gz", hash = "sha256:7036316cc26b93e401cedd781a579be606dad174829e6ad9e9c5a0da6e036f80"},
]

[[package]]
name = "tabulate"
version = "0.9.0"
description = "Pretty-print tabular data"
optional = false
python-versions = ">=3.7"
files = [
    {file = "tabulate-0.9.0-py3-none-any.whl", hash = "sha256:024ca478df22e9340661486f85298cff5f6dcdba14f3813e8830015b9ed1948f"},
    {file = "tabulate-0.9.0.tar.gz", hash = "sha256:0095b12bf5966de529c0feb1fa08671671b3368eec77d7ef7ab114be2c068b3c"},
]

[package.extras]
widechars = ["wcwidth"]

[[package]]
name = "urllib3"
version = "2.0.7"
description = "HTTP library with thread-safe connection pooling, file post, and more."
optional = false
python-versions = ">=3.7"
files = [
    {file = "urllib3-2.0.7-py3-none-any.whl", hash = "sha256:fdb6d215c776278489906c2f8916e6e7d4f5a9b602ccbcfdf7f016fc8da0596e"},
    {file = "urllib3-2.0.7.tar.gz", hash = "sha256:c97dfde1f7bd43a71c8d2a58e369e9b2bf692d1334ea9f9cae55add7d0dd0f84"},
]

[package.extras]
brotli = ["brotli (>=1.0.9)", "brotlicffi (>=0.8.0)"]
secure = ["certifi", "cryptography (>=1.9)", "idna (>=2.0.0)", "pyopenssl (>=17.1.0)", "urllib3-secure-extra"]
socks = ["pysocks (>=1.5.6,!=1.5.7,<2.0)"]
zstd = ["zstandard (>=0.18.0)"]

[[package]]
name = "websocket-client"
version = "1.6.4"
description = "WebSocket client for Python with low level API options"
optional = false
python-versions = ">=3.8"
files = [
    {file = "websocket-client-1.6.4.tar.gz", hash = "sha256:b3324019b3c28572086c4a319f91d1dcd44e6e11cd340232978c684a7650d0df"},
    {file = "websocket_client-1.6.4-py3-none-any.whl", hash = "sha256:084072e0a7f5f347ef2ac3d8698a5e0b4ffbfcab607628cadabc650fc9a83a24"},
]

[package.extras]
docs = ["Sphinx (>=6.0)", "sphinx-rtd-theme (>=1.1.0)"]
optional = ["python-socks", "wsaccel"]
test = ["websockets"]

[metadata]
lock-version = "2.0"
python-versions = "^3.9"
content-hash = "0fc57b39c1bf45c6be5f69175282f218ed34beab44069a186e6218964969b22b"
